// !$*UTF8*$!
{
	archiveVersion = 1;
	classes = {
	};
	objectVersion = 46;
	objects = {

/* Begin PBXBuildFile section */
		A9DD8CA61DF0F68400DB0B88 /* AppDelegate.swift in Sources */ = {isa = PBXBuildFile; fileRef = A9DD8CA51DF0F68400DB0B88 /* AppDelegate.swift */; };
		A9DD8CA81DF0F68400DB0B88 /* ViewController.swift in Sources */ = {isa = PBXBuildFile; fileRef = A9DD8CA71DF0F68400DB0B88 /* ViewController.swift */; };
		A9DD8CAB1DF0F68400DB0B88 /* Main.storyboard in Resources */ = {isa = PBXBuildFile; fileRef = A9DD8CA91DF0F68400DB0B88 /* Main.storyboard */; };
		A9DD8CAD1DF0F68400DB0B88 /* Assets.xcassets in Resources */ = {isa = PBXBuildFile; fileRef = A9DD8CAC1DF0F68400DB0B88 /* Assets.xcassets */; };
		A9DD8CB01DF0F68400DB0B88 /* LaunchScreen.storyboard in Resources */ = {isa = PBXBuildFile; fileRef = A9DD8CAE1DF0F68400DB0B88 /* LaunchScreen.storyboard */; };
/* End PBXBuildFile section */

/* Begin PBXFileReference section */
		A9DD8CA21DF0F68400DB0B88 /* OnTheMap.app */ = {isa = PBXFileReference; explicitFileType = wrapper.application; includeInIndex = 0; path = OnTheMap.app; sourceTree = BUILT_PRODUCTS_DIR; };
		A9DD8CA51DF0F68400DB0B88 /* AppDelegate.swift */ = {isa = PBXFileReference; lastKnownFileType = sourcecode.swift; path = AppDelegate.swift; sourceTree = "<group>"; };
		A9DD8CA71DF0F68400DB0B88 /* ViewController.swift */ = {isa = PBXFileReference; lastKnownFileType = sourcecode.swift; path = ViewController.swift; sourceTree = "<group>"; };
		A9DD8CAA1DF0F68400DB0B88 /* Base */ = {isa = PBXFileReference; lastKnownFileType = file.storyboard; name = Base; path = Base.lproj/Main.storyboard; sourceTree = "<group>"; };
		A9DD8CAC1DF0F68400DB0B88 /* Assets.xcassets */ = {isa = PBXFileReference; lastKnownFileType = folder.assetcatalog; path = Assets.xcassets; sourceTree = "<group>"; };
		A9DD8CAF1DF0F68400DB0B88 /* Base */ = {isa = PBXFileReference; lastKnownFileType = file.storyboard; name = Base; path = Base.lproj/LaunchScreen.storyboard; sourceTree = "<group>"; };
		A9DD8CB11DF0F68400DB0B88 /* Info.plist */ = {isa = PBXFileReference; lastKnownFileType = text.plist.xml; path = Info.plist; sourceTree = "<group>"; };
/* End PBXFileReference section */

/* Begin PBXFrameworksBuildPhase section */
		A9DD8C9F1DF0F68400DB0B88 /* Frameworks */ = {
			isa = PBXFrameworksBuildPhase;
			buildActionMask = 2147483647;
			files = (
			);
			runOnlyForDeploymentPostprocessing = 0;
		};
/* End PBXFrameworksBuildPhase section */

/* Begin PBXGroup section */
		A9DD8C991DF0F68400DB0B88 = {
			isa = PBXGroup;
			children = (
				A9DD8CA41DF0F68400DB0B88 /* OnTheMap */,
				A9DD8CA31DF0F68400DB0B88 /* Products */,
			);
			sourceTree = "<group>";
		};
		A9DD8CA31DF0F68400DB0B88 /* Products */ = {
			isa = PBXGroup;
			children = (
				A9DD8CA21DF0F68400DB0B88 /* OnTheMap.app */,
			);
			name = Products;
			sourceTree = "<group>";
		};
		A9DD8CA41DF0F68400DB0B88 /* OnTheMap */ = {
			isa = PBXGroup;
			children = (
				A9DD8CA51DF0F68400DB0B88 /* AppDelegate.swift */,
				A9DD8CA71DF0F68400DB0B88 /* ViewController.swift */,
				A9DD8CA91DF0F68400DB0B88 /* Main.storyboard */,
				A9DD8CAC1DF0F68400DB0B88 /* Assets.xcassets */,
				A9DD8CAE1DF0F68400DB0B88 /* LaunchScreen.storyboard */,
				A9DD8CB11DF0F68400DB0B88 /* Info.plist */,
			);
			path = OnTheMap;
			sourceTree = "<group>";
		};
/* End PBXGroup section */

/* Begin PBXNativeTarget section */
		A9DD8CA11DF0F68400DB0B88 /* OnTheMap */ = {
			isa = PBXNativeTarget;
			buildConfigurationList = A9DD8CB41DF0F68400DB0B88 /* Build configuration list for PBXNativeTarget "OnTheMap" */;
			buildPhases = (
				A9DD8C9E1DF0F68400DB0B88 /* Sources */,
				A9DD8C9F1DF0F68400DB0B88 /* Frameworks */,
				A9DD8CA01DF0F68400DB0B88 /* Resources */,
			);
			buildRules = (
			);
			dependencies = (
			);
			name = OnTheMap;
			productName = OnTheMap;
			productReference = A9DD8CA21DF0F68400DB0B88 /* OnTheMap.app */;
			productType = "com.apple.product-type.application";
		};
/* End PBXNativeTarget section */

/* Begin PBXProject section */
		A9DD8C9A1DF0F68400DB0B88 /* Project object */ = {
			isa = PBXProject;
			attributes = {
				LastSwiftUpdateCheck = 0730;
				LastUpgradeCheck = 0730;
				ORGANIZATIONNAME = allanjamescom.allanjames;
				TargetAttributes = {
					A9DD8CA11DF0F68400DB0B88 = {
						CreatedOnToolsVersion = 7.3.1;
					};
				};
			};
			buildConfigurationList = A9DD8C9D1DF0F68400DB0B88 /* Build configuration list for PBXProject "OnTheMap" */;
			compatibilityVersion = "Xcode 3.2";
			developmentRegion = English;
			hasScannedForEncodings = 0;
			knownRegions = (
				en,
				Base,
			);
			mainGroup = A9DD8C991DF0F68400DB0B88;
			productRefGroup = A9DD8CA31DF0F68400DB0B88 /* Products */;
			projectDirPath = "";
			projectRoot = "";
			targets = (
				A9DD8CA11DF0F68400DB0B88 /* OnTheMap */,
			);
		};
/* End PBXProject section */

/* Begin PBXResourcesBuildPhase section */
		A9DD8CA01DF0F68400DB0B88 /* Resources */ = {
			isa = PBXResourcesBuildPhase;
			buildActionMask = 2147483647;
			files = (
				A9DD8CB01DF0F68400DB0B88 /* LaunchScreen.storyboard in Resources */,
				A9DD8CAD1DF0F68400DB0B88 /* Assets.xcassets in Resources */,
				A9DD8CAB1DF0F68400DB0B88 /* Main.storyboard in Resources */,
			);
			runOnlyForDeploymentPostprocessing = 0;
		};
/* End PBXResourcesBuildPhase section */

/* Begin PBXSourcesBuildPhase section */
		A9DD8C9E1DF0F68400DB0B88 /* Sources */ = {
			isa = PBXSourcesBuildPhase;
			buildActionMask = 2147483647;
			files = (
				A9DD8CA81DF0F68400DB0B88 /* ViewController.swift in Sources */,
				A9DD8CA61DF0F68400DB0B88 /* AppDelegate.swift in Sources */,
			);
			runOnlyForDeploymentPostprocessing = 0;
		};
/* End PBXSourcesBuildPhase section */

/* Begin PBXVariantGroup section */
		A9DD8CA91DF0F68400DB0B88 /* Main.storyboard */ = {
			isa = PBXVariantGroup;
			children = (
				A9DD8CAA1DF0F68400DB0B88 /* Base */,
			);
			name = Main.storyboard;
			sourceTree = "<group>";
		};
		A9DD8CAE1DF0F68400DB0B88 /* LaunchScreen.storyboard */ = {
			isa = PBXVariantGroup;
			children = (
				A9DD8CAF1DF0F68400DB0B88 /* Base */,
			);
			name = LaunchScreen.storyboard;
			sourceTree = "<group>";
		};
/* End PBXVariantGroup section */

/* Begin XCBuildConfiguration section */
		A9DD8CB21DF0F68400DB0B88 /* Debug */ = {
			isa = XCBuildConfiguration;
			buildSettings = {
				ALWAYS_SEARCH_USER_PATHS = NO;
				CLANG_ANALYZER_NONNULL = YES;
				CLANG_CXX_LANGUAGE_STANDARD = "gnu++0x";
				CLANG_CXX_LIBRARY = "libc++";
				CLANG_ENABLE_MODULES = YES;
				CLANG_ENABLE_OBJC_ARC = YES;
				CLANG_WARN_BOOL_CONVERSION = YES;
				CLANG_WARN_CONSTANT_CONVERSION = YES;
				CLANG_WARN_DIRECT_OBJC_ISA_USAGE = YES_ERROR;
				CLANG_WARN_EMPTY_BODY = YES;
				CLANG_WARN_ENUM_CONVERSION = YES;
				CLANG_WARN_INT_CONVERSION = YES;
				CLANG_WARN_OBJC_ROOT_CLASS = YES_ERROR;
				CLANG_WARN_UNREACHABLE_CODE = YES;
				CLANG_WARN__DUPLICATE_METHOD_MATCH = YES;
				"CODE_SIGN_IDENTITY[sdk=iphoneos*]" = "iPhone Developer";
				COPY_PHASE_STRIP = NO;
				DEBUG_INFORMATION_FORMAT = dwarf;
				ENABLE_STRICT_OBJC_MSGSEND = YES;
				ENABLE_TESTABILITY = YES;
				GCC_C_LANGUAGE_STANDARD = gnu99;
				GCC_DYNAMIC_NO_PIC = NO;
				GCC_NO_COMMON_BLOCKS = YES;
				GCC_OPTIMIZATION_LEVEL = 0;
				GCC_PREPROCESSOR_DEFINITIONS = (
					"DEBUG=1",
					"$(inherited)",
				);
				GCC_WARN_64_TO_32_BIT_CONVERSION = YES;
				GCC_WARN_ABOUT_RETURN_TYPE = YES_ERROR;
				GCC_WARN_UNDECLARED_SELECTOR = YES;
				GCC_WARN_UNINITIALIZED_AUTOS = YES_AGGRESSIVE;
				GCC_WARN_UNUSED_FUNCTION = YES;
				GCC_WARN_UNUSED_VARIABLE = YES;
				IPHONEOS_DEPLOYMENT_TARGET = 9.3;
				MTL_ENABLE_DEBUG_INFO = YES;
				ONLY_ACTIVE_ARCH = YES;
				SDKROOT = iphoneos;
				SWIFT_OPTIMIZATION_LEVEL = "-Onone";
				TARGETED_DEVICE_FAMILY = "1,2";
			};
			name = Debug;
		};
		A9DD8CB31DF0F68400DB0B88 /* Release */ = {
			isa = XCBuildConfiguration;
			buildSettings = {
				ALWAYS_SEARCH_USER_PATHS = NO;
				CLANG_ANALYZER_NONNULL = YES;
				CLANG_CXX_LANGUAGE_STANDARD = "gnu++0x";
				CLANG_CXX_LIBRARY = "libc++";
				CLANG_ENABLE_MODULES = YES;
				CLANG_ENABLE_OBJC_ARC = YES;
				CLANG_WARN_BOOL_CONVERSION = YES;
				CLANG_WARN_CONSTANT_CONVERSION = YES;
				CLANG_WARN_DIRECT_OBJC_ISA_USAGE = YES_ERROR;
				CLANG_WARN_EMPTY_BODY = YES;
				CLANG_WARN_ENUM_CONVERSION = YES;
				CLANG_WARN_INT_CONVERSION = YES;
				CLANG_WARN_OBJC_ROOT_CLASS = YES_ERROR;
				CLANG_WARN_UNREACHABLE_CODE = YES;
				CLANG_WARN__DUPLICATE_METHOD_MATCH = YES;
				"CODE_SIGN_IDENTITY[sdk=iphoneos*]" = "iPhone Developer";
				COPY_PHASE_STRIP = NO;
				DEBUG_INFORMATION_FORMAT = "dwarf-with-dsym";
				ENABLE_NS_ASSERTIONS = NO;
				ENABLE_STRICT_OBJC_MSGSEND = YES;
				GCC_C_LANGUAGE_STANDARD = gnu99;
				GCC_NO_COMMON_BLOCKS = YES;
				GCC_WARN_64_TO_32_BIT_CONVERSION = YES;
				GCC_WARN_ABOUT_RETURN_TYPE = YES_ERROR;
				GCC_WARN_UNDECLARED_SELECTOR = YES;
				GCC_WARN_UNINITIALIZED_AUTOS = YES_AGGRESSIVE;
				GCC_WARN_UNUSED_FUNCTION = YES;
				GCC_WARN_UNUSED_VARIABLE = YES;
				IPHONEOS_DEPLOYMENT_TARGET = 9.3;
				MTL_ENABLE_DEBUG_INFO = NO;
				SDKROOT = iphoneos;
				TARGETED_DEVICE_FAMILY = "1,2";
				VALIDATE_PRODUCT = YES;
			};
			name = Release;
		};
		A9DD8CB51DF0F68400DB0B88 /* Debug */ = {
			isa = XCBuildConfiguration;
			buildSettings = {
				ASSETCATALOG_COMPILER_APPICON_NAME = AppIcon;
				INFOPLIST_FILE = OnTheMap/Info.plist;
				LD_RUNPATH_SEARCH_PATHS = "$(inherited) @executable_path/Frameworks";
				PRODUCT_BUNDLE_IDENTIFIER = uc.OnTheMap;
				PRODUCT_NAME = "$(TARGET_NAME)";
			};
			name = Debug;
		};
		A9DD8CB61DF0F68400DB0B88 /* Release */ = {
			isa = XCBuildConfiguration;
			buildSettings = {
				ASSETCATALOG_COMPILER_APPICON_NAME = AppIcon;
				INFOPLIST_FILE = OnTheMap/Info.plist;
				LD_RUNPATH_SEARCH_PATHS = "$(inherited) @executable_path/Frameworks";
				PRODUCT_BUNDLE_IDENTIFIER = uc.OnTheMap;
				PRODUCT_NAME = "$(TARGET_NAME)";
			};
			name = Release;
		};
/* End XCBuildConfiguration section */

/* Begin XCConfigurationList section */
		A9DD8C9D1DF0F68400DB0B88 /* Build configuration list for PBXProject "OnTheMap" */ = {
			isa = XCConfigurationList;
			buildConfigurations = (
				A9DD8CB21DF0F68400DB0B88 /* Debug */,
				A9DD8CB31DF0F68400DB0B88 /* Release */,
			);
			defaultConfigurationIsVisible = 0;
			defaultConfigurationName = Release;
		};
		A9DD8CB41DF0F68400DB0B88 /* Build configuration list for PBXNativeTarget "OnTheMap" */ = {
			isa = XCConfigurationList;
			buildConfigurations = (
				A9DD8CB51DF0F68400DB0B88 /* Debug */,
				A9DD8CB61DF0F68400DB0B88 /* Release */,
			);
			defaultConfigurationIsVisible = 0;
		};
/* End XCConfigurationList section */
	};
	rootObject = A9DD8C9A1DF0F68400DB0B88 /* Project object */;
}
